/projects/prjs1616/gatk_paper_demo/results/liver_11.g.vcf.gz.tbi
/projects/prjs1616/gatk_paper_demo/results/liver_09.split.bam
/projects/prjs1616/gatk_paper_demo/results/liver_07.sorted.bam
/projects/prjs1616/gatk_paper_demo/results/liver_07.sorted.bam.bai
/projects/prjs1616/gatk_paper_demo/results/liver_12.sorted.bam
/projects/prjs1616/gatk_paper_demo/results/liver_12.sorted.bam.bai
/projects/prjs1616/gatk_paper_demo/results/liver_11.recal_data.table
/projects/prjs1616/gatk_paper_demo/results/liver_10.BQSR.bam
/projects/prjs1616/gatk_paper_demo/results/liver_08.markdup.bam
/projects/prjs1616/gatk_paper_demo/results/liver_08.markdup.bam.bai
/projects/prjs1616/gatk_paper_demo/results/liver_08.markdup_metrics.txt
/projects/prjs1616/gatk_paper_demo/results/liver_11.g.vcf.gz
/projects/prjs1616/gatk_paper_demo/results/liver_09.markdup.filtered.bam
/projects/prjs1616/gatk_paper_demo/results/liver_07.markdup.filtered.bam.bai
/projects/prjs1616/gatk_paper_demo/results/liver_12.markdup.filtered.bam.bai
/projects/prjs1616/gatk_paper_demo/results/liver_12.g.vcf.gz.tbi
/projects/prjs1616/gatk_paper_demo/results/liver_10.split.bam
/projects/prjs1616/gatk_paper_demo/results/liver_08.sorted.bam
/projects/prjs1616/gatk_paper_demo/results/liver_08.sorted.bam.bai
/projects/prjs1616/gatk_paper_demo/results/liver_07.g.vcf.gz.tbi
/projects/prjs1616/gatk_paper_demo/results/liver_11.BQSR.bam
/projects/prjs1616/gatk_paper_demo/results/liver_09.markdup.bam
/projects/prjs1616/gatk_paper_demo/results/liver_09.markdup.bam.bai
/projects/prjs1616/gatk_paper_demo/results/liver_09.markdup_metrics.txt
/projects/prjs1616/gatk_paper_demo/results/liver_07.recal_data.table
/projects/prjs1616/gatk_paper_demo/results/liver_12.recal_data.table
/projects/prjs1616/gatk_paper_demo/results/liver_12.g.vcf.gz
/projects/prjs1616/gatk_paper_demo/results/liver_10.markdup.filtered.bam
/projects/prjs1616/gatk_paper_demo/results/liver_08.markdup.filtered.bam.bai
/projects/prjs1616/gatk_paper_demo/results/liver_11.split.bam
/projects/prjs1616/gatk_paper_demo/results/liver_09.sorted.bam
/projects/prjs1616/gatk_paper_demo/results/liver_09.sorted.bam.bai
/projects/prjs1616/gatk_paper_demo/results/liver_08.g.vcf.gz.tbi
/projects/prjs1616/gatk_paper_demo/results/liver_12.BQSR.bam
/projects/prjs1616/gatk_paper_demo/results/liver_10.markdup.bam
/projects/prjs1616/gatk_paper_demo/results/liver_10.markdup.bam.bai
/projects/prjs1616/gatk_paper_demo/results/liver_10.markdup_metrics.txt
/projects/prjs1616/gatk_paper_demo/results/liver_08.recal_data.table
/projects/prjs1616/gatk_paper_demo/results/liver_07.BQSR.bam
/projects/prjs1616/gatk_paper_demo/results/liver_11.markdup.filtered.bam
/projects/prjs1616/gatk_paper_demo/results/liver_09.markdup.filtered.bam.bai
/projects/prjs1616/gatk_paper_demo/results/liver_08.g.vcf.gz
/projects/prjs1616/gatk_paper_demo/results/liver_12.split.bam
/projects/prjs1616/gatk_paper_demo/results/liver_10.sorted.bam
/projects/prjs1616/gatk_paper_demo/results/liver_10.sorted.bam.bai
/projects/prjs1616/gatk_paper_demo/results/liver_09.g.vcf.gz.tbi
/projects/prjs1616/gatk_paper_demo/results/liver_07.split.bam
/projects/prjs1616/gatk_paper_demo/results/liver_11.markdup.bam
/projects/prjs1616/gatk_paper_demo/results/liver_11.markdup.bam.bai
/projects/prjs1616/gatk_paper_demo/results/liver_11.markdup_metrics.txt
/projects/prjs1616/gatk_paper_demo/results/liver_09.recal_data.table
/projects/prjs1616/gatk_paper_demo/results/liver_08.BQSR.bam
/projects/prjs1616/gatk_paper_demo/results/liver_12.markdup.filtered.bam
/projects/prjs1616/gatk_paper_demo/results/liver_10.markdup.filtered.bam.bai
/projects/prjs1616/gatk_paper_demo/results/liver_09.g.vcf.gz
/projects/prjs1616/gatk_paper_demo/results/liver_07.markdup.filtered.bam
/projects/prjs1616/gatk_paper_demo/results/liver_11.sorted.bam
/projects/prjs1616/gatk_paper_demo/results/liver_11.sorted.bam.bai
/projects/prjs1616/gatk_paper_demo/results/liver_10.g.vcf.gz.tbi
/projects/prjs1616/gatk_paper_demo/results/liver_08.split.bam
/projects/prjs1616/gatk_paper_demo/results/liver_12.markdup.bam
/projects/prjs1616/gatk_paper_demo/results/liver_12.markdup.bam.bai
/projects/prjs1616/gatk_paper_demo/results/liver_12.markdup_metrics.txt
/projects/prjs1616/gatk_paper_demo/results/liver_10.recal_data.table
/projects/prjs1616/gatk_paper_demo/results/liver_09.BQSR.bam
/projects/prjs1616/gatk_paper_demo/results/liver_07.markdup.bam
/projects/prjs1616/gatk_paper_demo/results/liver_07.markdup.bam.bai
/projects/prjs1616/gatk_paper_demo/results/liver_07.markdup_metrics.txt
/projects/prjs1616/gatk_paper_demo/results/liver_11.markdup.filtered.bam.bai
/projects/prjs1616/gatk_paper_demo/results/liver_10.g.vcf.gz
/projects/prjs1616/gatk_paper_demo/results/liver_08.markdup.filtered.bam
/projects/prjs1616/gatk_paper_demo/results/liver_07.g.vcf.gz
